
Microsoft Visual Studio Solution File, Format Version 12.00
# Visual Studio Version 16
VisualStudioVersion = 16.0.34114.132
MinimumVisualStudioVersion = 10.0.40219.1
Project("{FAE04EC0-301F-11D3-BF4B-00C04F79EFBC}") = "HelloWorld", "HelloWorld\HelloWorld.csproj", "{82EE9643-8F71-4EEC-951F-550ED79D79BF}"
EndProject
Project("{FAE04EC0-301F-11D3-BF4B-00C04F79EFBC}") = "Variables", "Variables\Variables.csproj", "{FF03D55B-413C-4839-A6B7-B59BD997F9F1}"
EndProject
Project("{FAE04EC0-301F-11D3-BF4B-00C04F79EFBC}") = "Operators", "Operators\Operators.csproj", "{5301D246-F6E9-4707-B874-D508A74FF889}"
EndProject
Global
	GlobalSection(SolutionConfigurationPlatforms) = preSolution
		Debug|Any CPU = Debug|Any CPU
		Release|Any CPU = Release|Any CPU
	EndGlobalSection
	GlobalSection(ProjectConfigurationPlatforms) = postSolution
		{82EE9643-8F71-4EEC-951F-550ED79D79BF}.Debug|Any CPU.ActiveCfg = Debug|Any CPU
		{82EE9643-8F71-4EEC-951F-550ED79D79BF}.Debug|Any CPU.Build.0 = Debug|Any CPU
		{82EE9643-8F71-4EEC-951F-550ED79D79BF}.Release|Any CPU.ActiveCfg = Release|Any CPU
		{82EE9643-8F71-4EEC-951F-550ED79D79BF}.Release|Any CPU.Build.0 = Release|Any CPU
		{FF03D55B-413C-4839-A6B7-B59BD997F9F1}.Debug|Any CPU.ActiveCfg = Debug|Any CPU
		{FF03D55B-413C-4839-A6B7-B59BD997F9F1}.Debug|Any CPU.Build.0 = Debug|Any CPU
		{FF03D55B-413C-4839-A6B7-B59BD997F9F1}.Release|Any CPU.ActiveCfg = Release|Any CPU
		{FF03D55B-413C-4839-A6B7-B59BD997F9F1}.Release|Any CPU.Build.0 = Release|Any CPU
		{5301D246-F6E9-4707-B874-D508A74FF889}.Debug|Any CPU.ActiveCfg = Debug|Any CPU
		{5301D246-F6E9-4707-B874-D508A74FF889}.Debug|Any CPU.Build.0 = Debug|Any CPU
		{5301D246-F6E9-4707-B874-D508A74FF889}.Release|Any CPU.ActiveCfg = Release|Any CPU
		{5301D246-F6E9-4707-B874-D508A74FF889}.Release|Any CPU.Build.0 = Release|Any CPU
	EndGlobalSection
	GlobalSection(SolutionProperties) = preSolution
		HideSolutionNode = FALSE
	EndGlobalSection
	GlobalSection(ExtensibilityGlobals) = postSolution
		SolutionGuid = {6D4D202E-8827-4596-B9F7-B40737CCC7B1}
	EndGlobalSection
EndGlobal
